
Microsoft Visual Studio Solution File, Format Version 12.00
# Visual Studio 15
VisualStudioVersion = 15.0.27130.2010
MinimumVisualStudioVersion = 10.0.40219.1
Project("{FAE04EC0-301F-11D3-BF4B-00C04F79EFBC}") = "ZS_Labs", "ZS_Labs\ZS_Labs.csproj", "{3AC612FA-A967-465C-B112-548739C2AFF4}"
EndProject
Global
	GlobalSection(SolutionConfigurationPlatforms) = preSolution
		Debug|Any CPU = Debug|Any CPU
		Release|Any CPU = Release|Any CPU
	EndGlobalSection
	GlobalSection(ProjectConfigurationPlatforms) = postSolution
		{3AC612FA-A967-465C-B112-548739C2AFF4}.Debug|Any CPU.ActiveCfg = Debug|Any CPU
		{3AC612FA-A967-465C-B112-548739C2AFF4}.Debug|Any CPU.Build.0 = Debug|Any CPU
		{3AC612FA-A967-465C-B112-548739C2AFF4}.Release|Any CPU.ActiveCfg = Release|Any CPU
		{3AC612FA-A967-465C-B112-548739C2AFF4}.Release|Any CPU.Build.0 = Release|Any CPU
	EndGlobalSection
	GlobalSection(SolutionProperties) = preSolution
		HideSolutionNode = FALSE
	EndGlobalSection
	GlobalSection(ExtensibilityGlobals) = postSolution
		SolutionGuid = {A7D1C1F0-0DE8-4052-BBBF-43A1C271A630}
	EndGlobalSection
EndGlobal
